
Microsoft Visual Studio Solution File, Format Version 12.00
# Visual Studio Version 17
VisualStudioVersion = 17.9.34607.119
MinimumVisualStudioVersion = 10.0.40219.1
Project("{FAE04EC0-301F-11D3-BF4B-00C04F79EFBC}") = "CabManagment", "CabManagment\CabManagment.csproj", "{44BE575F-8206-4788-A310-7F563865A942}"
EndProject
Global
	GlobalSection(SolutionConfigurationPlatforms) = preSolution
		Debug|Any CPU = Debug|Any CPU
		Release|Any CPU = Release|Any CPU
	EndGlobalSection
	GlobalSection(ProjectConfigurationPlatforms) = postSolution
		{44BE575F-8206-4788-A310-7F563865A942}.Debug|Any CPU.ActiveCfg = Debug|Any CPU
		{44BE575F-8206-4788-A310-7F563865A942}.Debug|Any CPU.Build.0 = Debug|Any CPU
		{44BE575F-8206-4788-A310-7F563865A942}.Release|Any CPU.ActiveCfg = Release|Any CPU
		{44BE575F-8206-4788-A310-7F563865A942}.Release|Any CPU.Build.0 = Release|Any CPU
	EndGlobalSection
	GlobalSection(SolutionProperties) = preSolution
		HideSolutionNode = FALSE
	EndGlobalSection
	GlobalSection(ExtensibilityGlobals) = postSolution
		SolutionGuid = {95951F24-2062-40E4-8CA4-06EFC819C092}
	EndGlobalSection
EndGlobal
